
Microsoft Visual Studio Solution File, Format Version 12.00
# Visual Studio 15
Project("{FAE04EC0-301F-11D3-BF4B-00C04F79EFBC}") = "UnityEngine.TestRunner", "UnityEngine.TestRunner.csproj", "{F69BB185-E3D0-32B8-9059-156E75F43992}"
EndProject
Project("{FAE04EC0-301F-11D3-BF4B-00C04F79EFBC}") = "Unity.Mathematics", "Unity.Mathematics.csproj", "{29345970-B8E9-171A-405A-4D5E250DB4A1}"
EndProject
Project("{FAE04EC0-301F-11D3-BF4B-00C04F79EFBC}") = "Unity.2D.Animation.Triangle.Runtime", "Unity.2D.Animation.Triangle.Runtime.csproj", "{E21EE7AF-3B33-8E13-61F5-34055E7ECAED}"
EndProject
Project("{FAE04EC0-301F-11D3-BF4B-00C04F79EFBC}") = "Unity.Timeline", "Unity.Timeline.csproj", "{3475230C-19D1-993D-B13B-065410C5BE55}"
EndProject
Project("{FAE04EC0-301F-11D3-BF4B-00C04F79EFBC}") = "UnityEngine.UI", "UnityEngine.UI.csproj", "{02029F07-3E2F-1943-38AA-26769EEFA06D}"
EndProject
Project("{FAE04EC0-301F-11D3-BF4B-00C04F79EFBC}") = "Unity.TextMeshPro", "Unity.TextMeshPro.csproj", "{B31465BC-C613-0A96-0D93-A0A5164E00C9}"
EndProject
Project("{FAE04EC0-301F-11D3-BF4B-00C04F79EFBC}") = "Unity.2D.Animation.Runtime", "Unity.2D.Animation.Runtime.csproj", "{7D61D2A3-38B8-4026-9821-758ACCBE4D9E}"
EndProject
Project("{FAE04EC0-301F-11D3-BF4B-00C04F79EFBC}") = "Unity.2D.IK.Runtime", "Unity.2D.IK.Runtime.csproj", "{11350A5B-8C14-4BB9-5F40-F6E4722CE5D4}"
EndProject
Project("{FAE04EC0-301F-11D3-BF4B-00C04F79EFBC}") = "Unity.2D.SpriteShape.Runtime", "Unity.2D.SpriteShape.Runtime.csproj", "{73C70E50-5519-858A-974B-A3CCFEA95E07}"
EndProject
Project("{FAE04EC0-301F-11D3-BF4B-00C04F79EFBC}") = "Assembly-CSharp", "Assembly-CSharp.csproj", "{DFBDC411-F49D-F3AB-5915-E7222C419B6E}"
EndProject
Project("{FAE04EC0-301F-11D3-BF4B-00C04F79EFBC}") = "Unity.2D.PixelPerfect", "Unity.2D.PixelPerfect.csproj", "{A210D773-0CC8-681B-35FD-E3FBAC16082F}"
EndProject
Project("{FAE04EC0-301F-11D3-BF4B-00C04F79EFBC}") = "Unity.2D.Common.Runtime", "Unity.2D.Common.Runtime.csproj", "{1D94BA07-1562-D645-4103-3663A7C76ECD}"
EndProject
Project("{FAE04EC0-301F-11D3-BF4B-00C04F79EFBC}") = "Unity.InternalAPIEngineBridge.001", "Unity.InternalAPIEngineBridge.001.csproj", "{510795F6-FB96-2C96-FAE1-701D642A4BB2}"
EndProject
Project("{FAE04EC0-301F-11D3-BF4B-00C04F79EFBC}") = "UnityEditor.TestRunner", "UnityEditor.TestRunner.csproj", "{43689E10-AD8A-DE72-2CF7-16B69C864A1D}"
EndProject
Project("{FAE04EC0-301F-11D3-BF4B-00C04F79EFBC}") = "UnityEditor.UI", "UnityEditor.UI.csproj", "{9E6F5B0A-24F2-DA2E-DC44-FEF7FC19BCED}"
EndProject
Project("{FAE04EC0-301F-11D3-BF4B-00C04F79EFBC}") = "Unity.Timeline.Editor", "Unity.Timeline.Editor.csproj", "{FDDEE8B0-3372-EC06-A39F-324AAE796970}"
EndProject
Project("{FAE04EC0-301F-11D3-BF4B-00C04F79EFBC}") = "Unity.VisualStudio.Editor", "Unity.VisualStudio.Editor.csproj", "{546B16A8-54B6-7D23-008B-9D8746718427}"
EndProject
Project("{FAE04EC0-301F-11D3-BF4B-00C04F79EFBC}") = "Unity.2D.Psdimporter.Editor", "Unity.2D.Psdimporter.Editor.csproj", "{B6A3EDB6-16FE-DC3C-E406-BF2F12E7116F}"
EndProject
Project("{FAE04EC0-301F-11D3-BF4B-00C04F79EFBC}") = "Unity.2D.Animation.Editor", "Unity.2D.Animation.Editor.csproj", "{AC8C76C0-54B2-9649-7504-1BA89ABB82A7}"
EndProject
Project("{FAE04EC0-301F-11D3-BF4B-00C04F79EFBC}") = "Unity.TextMeshPro.Editor", "Unity.TextMeshPro.Editor.csproj", "{028B548F-C98C-0094-0677-275DEF8C028D}"
EndProject
Project("{FAE04EC0-301F-11D3-BF4B-00C04F79EFBC}") = "Unity.2D.SpriteShape.Editor", "Unity.2D.SpriteShape.Editor.csproj", "{9809ABB2-91E7-608B-F7B7-5835AB04F053}"
EndProject
Project("{FAE04EC0-301F-11D3-BF4B-00C04F79EFBC}") = "Unity.CollabProxy.Editor", "Unity.CollabProxy.Editor.csproj", "{6CDB11CD-5A4D-A020-CD7C-FE8CCD134B6C}"
EndProject
Project("{FAE04EC0-301F-11D3-BF4B-00C04F79EFBC}") = "PsdPlugin", "PsdPlugin.csproj", "{8EEDA27C-42D5-157E-D63D-119067D59320}"
EndProject
Project("{FAE04EC0-301F-11D3-BF4B-00C04F79EFBC}") = "Unity.2D.Path.Editor", "Unity.2D.Path.Editor.csproj", "{58CACFB5-0F96-22B1-1ED3-40F38221EB03}"
EndProject
Project("{FAE04EC0-301F-11D3-BF4B-00C04F79EFBC}") = "Unity.Rider.Editor", "Unity.Rider.Editor.csproj", "{A07A4600-5314-0461-1018-9DE92C417AA5}"
EndProject
Project("{FAE04EC0-301F-11D3-BF4B-00C04F79EFBC}") = "Unity.2D.IK.Editor", "Unity.2D.IK.Editor.csproj", "{D8770364-3AA5-6EF9-AB1E-F93B9C252CBC}"
EndProject
Project("{FAE04EC0-301F-11D3-BF4B-00C04F79EFBC}") = "Unity.2D.Sprite.Editor", "Unity.2D.Sprite.Editor.csproj", "{A65EDE4E-D5DC-5D4B-8134-28EFF83F8494}"
EndProject
Project("{FAE04EC0-301F-11D3-BF4B-00C04F79EFBC}") = "Unity.2D.Tilemap.Editor", "Unity.2D.Tilemap.Editor.csproj", "{84A779E3-B4BB-CD4A-A0B4-C7472152041C}"
EndProject
Project("{FAE04EC0-301F-11D3-BF4B-00C04F79EFBC}") = "Unity.2D.PixelPerfect.Editor", "Unity.2D.PixelPerfect.Editor.csproj", "{17659BA3-0AB5-FBB1-35D0-CE85F26FA4C1}"
EndProject
Project("{FAE04EC0-301F-11D3-BF4B-00C04F79EFBC}") = "Unity.VSCode.Editor", "Unity.VSCode.Editor.csproj", "{62DCA35C-29F1-0FC5-CB91-521CC4573AC2}"
EndProject
Project("{FAE04EC0-301F-11D3-BF4B-00C04F79EFBC}") = "Unity.2D.Common.Editor", "Unity.2D.Common.Editor.csproj", "{E79308F1-2178-F716-6A02-B32B656E22AB}"
EndProject
Project("{FAE04EC0-301F-11D3-BF4B-00C04F79EFBC}") = "Unity.Mathematics.Editor", "Unity.Mathematics.Editor.csproj", "{530B421E-ED83-511D-C925-A0E49849DC2D}"
EndProject
Project("{FAE04EC0-301F-11D3-BF4B-00C04F79EFBC}") = "Unity.InternalAPIEditorBridge.001", "Unity.InternalAPIEditorBridge.001.csproj", "{C14A99C6-10E8-18DE-75AE-4D6BBCCE6530}"
EndProject
Project("{FAE04EC0-301F-11D3-BF4B-00C04F79EFBC}") = "UnityEngine.TestRunner", "UnityEngine.TestRunner.Player.csproj", "{9908664F-E3AF-C2A6-5C5A-B8C0D06E2AC1}"
EndProject
Project("{FAE04EC0-301F-11D3-BF4B-00C04F79EFBC}") = "Unity.Mathematics", "Unity.Mathematics.Player.csproj", "{D601101D-F848-4682-F211-D8BBF09840B4}"
EndProject
Project("{FAE04EC0-301F-11D3-BF4B-00C04F79EFBC}") = "Unity.2D.Animation.Triangle.Runtime", "Unity.2D.Animation.Triangle.Runtime.Player.csproj", "{F5DCFB04-867B-13F8-684C-D6EF8A5720B0}"
EndProject
Project("{FAE04EC0-301F-11D3-BF4B-00C04F79EFBC}") = "Unity.Timeline", "Unity.Timeline.Player.csproj", "{6D6EFA72-A380-E587-1B43-107EEE19DA1F}"
EndProject
Project("{FAE04EC0-301F-11D3-BF4B-00C04F79EFBC}") = "UnityEngine.UI", "UnityEngine.UI.Player.csproj", "{4FFAB863-3704-5022-9DB8-433C946C20F7}"
EndProject
Project("{FAE04EC0-301F-11D3-BF4B-00C04F79EFBC}") = "Unity.TextMeshPro", "Unity.TextMeshPro.Player.csproj", "{EB3A5106-3361-B0DE-F365-0F577A53BB8A}"
EndProject
Project("{FAE04EC0-301F-11D3-BF4B-00C04F79EFBC}") = "Unity.2D.Animation.Runtime", "Unity.2D.Animation.Runtime.Player.csproj", "{FFAD7D9D-9843-3EF0-6944-2ADF60233318}"
EndProject
Project("{FAE04EC0-301F-11D3-BF4B-00C04F79EFBC}") = "Unity.2D.IK.Runtime", "Unity.2D.IK.Runtime.Player.csproj", "{31A6A186-4537-97E6-1B78-82982EF090AA}"
EndProject
Project("{FAE04EC0-301F-11D3-BF4B-00C04F79EFBC}") = "Unity.2D.SpriteShape.Runtime", "Unity.2D.SpriteShape.Runtime.Player.csproj", "{7C516EA1-DFDE-A98C-02E5-A04EC262E0E4}"
EndProject
Project("{FAE04EC0-301F-11D3-BF4B-00C04F79EFBC}") = "Assembly-CSharp", "Assembly-CSharp.Player.csproj", "{CC7EA60F-1019-E187-F3AA-673CD6D2E03F}"
EndProject
Project("{FAE04EC0-301F-11D3-BF4B-00C04F79EFBC}") = "Unity.2D.PixelPerfect", "Unity.2D.PixelPerfect.Player.csproj", "{6C77C788-8DF0-554F-9A6C-BD3B49515572}"
EndProject
Project("{FAE04EC0-301F-11D3-BF4B-00C04F79EFBC}") = "Unity.2D.Common.Runtime", "Unity.2D.Common.Runtime.Player.csproj", "{26A75046-02FB-6AFB-88B7-DADC1821315D}"
EndProject
Project("{FAE04EC0-301F-11D3-BF4B-00C04F79EFBC}") = "Unity.InternalAPIEngineBridge.001", "Unity.InternalAPIEngineBridge.001.Player.csproj", "{27335870-E7B3-27C2-1B38-F8519898BD1D}"
EndProject
Global
	GlobalSection(SolutionConfigurationPlatforms) = preSolution
		Debug|Any CPU = Debug|Any CPU
		Release|Any CPU = Release|Any CPU
	EndGlobalSection
	GlobalSection(ProjectConfigurationPlatforms) = postSolution
		{F69BB185-E3D0-32B8-9059-156E75F43992}.Debug|Any CPU.ActiveCfg = Debug|Any CPU
		{F69BB185-E3D0-32B8-9059-156E75F43992}.Debug|Any CPU.Build.0 = Debug|Any CPU
		{F69BB185-E3D0-32B8-9059-156E75F43992}.Release|Any CPU.ActiveCfg = Release|Any CPU
		{F69BB185-E3D0-32B8-9059-156E75F43992}.Release|Any CPU.Build.0 = Release|Any CPU
		{29345970-B8E9-171A-405A-4D5E250DB4A1}.Debug|Any CPU.ActiveCfg = Debug|Any CPU
		{29345970-B8E9-171A-405A-4D5E250DB4A1}.Debug|Any CPU.Build.0 = Debug|Any CPU
		{29345970-B8E9-171A-405A-4D5E250DB4A1}.Release|Any CPU.ActiveCfg = Release|Any CPU
		{29345970-B8E9-171A-405A-4D5E250DB4A1}.Release|Any CPU.Build.0 = Release|Any CPU
		{E21EE7AF-3B33-8E13-61F5-34055E7ECAED}.Debug|Any CPU.ActiveCfg = Debug|Any CPU
		{E21EE7AF-3B33-8E13-61F5-34055E7ECAED}.Debug|Any CPU.Build.0 = Debug|Any CPU
		{E21EE7AF-3B33-8E13-61F5-34055E7ECAED}.Release|Any CPU.ActiveCfg = Release|Any CPU
		{E21EE7AF-3B33-8E13-61F5-34055E7ECAED}.Release|Any CPU.Build.0 = Release|Any CPU
		{3475230C-19D1-993D-B13B-065410C5BE55}.Debug|Any CPU.ActiveCfg = Debug|Any CPU
		{3475230C-19D1-993D-B13B-065410C5BE55}.Debug|Any CPU.Build.0 = Debug|Any CPU
		{3475230C-19D1-993D-B13B-065410C5BE55}.Release|Any CPU.ActiveCfg = Release|Any CPU
		{3475230C-19D1-993D-B13B-065410C5BE55}.Release|Any CPU.Build.0 = Release|Any CPU
		{02029F07-3E2F-1943-38AA-26769EEFA06D}.Debug|Any CPU.ActiveCfg = Debug|Any CPU
		{02029F07-3E2F-1943-38AA-26769EEFA06D}.Debug|Any CPU.Build.0 = Debug|Any CPU
		{02029F07-3E2F-1943-38AA-26769EEFA06D}.Release|Any CPU.ActiveCfg = Release|Any CPU
		{02029F07-3E2F-1943-38AA-26769EEFA06D}.Release|Any CPU.Build.0 = Release|Any CPU
		{B31465BC-C613-0A96-0D93-A0A5164E00C9}.Debug|Any CPU.ActiveCfg = Debug|Any CPU
		{B31465BC-C613-0A96-0D93-A0A5164E00C9}.Debug|Any CPU.Build.0 = Debug|Any CPU
		{B31465BC-C613-0A96-0D93-A0A5164E00C9}.Release|Any CPU.ActiveCfg = Release|Any CPU
		{B31465BC-C613-0A96-0D93-A0A5164E00C9}.Release|Any CPU.Build.0 = Release|Any CPU
		{7D61D2A3-38B8-4026-9821-758ACCBE4D9E}.Debug|Any CPU.ActiveCfg = Debug|Any CPU
		{7D61D2A3-38B8-4026-9821-758ACCBE4D9E}.Debug|Any CPU.Build.0 = Debug|Any CPU
		{7D61D2A3-38B8-4026-9821-758ACCBE4D9E}.Release|Any CPU.ActiveCfg = Release|Any CPU
		{7D61D2A3-38B8-4026-9821-758ACCBE4D9E}.Release|Any CPU.Build.0 = Release|Any CPU
		{11350A5B-8C14-4BB9-5F40-F6E4722CE5D4}.Debug|Any CPU.ActiveCfg = Debug|Any CPU
		{11350A5B-8C14-4BB9-5F40-F6E4722CE5D4}.Debug|Any CPU.Build.0 = Debug|Any CPU
		{11350A5B-8C14-4BB9-5F40-F6E4722CE5D4}.Release|Any CPU.ActiveCfg = Release|Any CPU
		{11350A5B-8C14-4BB9-5F40-F6E4722CE5D4}.Release|Any CPU.Build.0 = Release|Any CPU
		{73C70E50-5519-858A-974B-A3CCFEA95E07}.Debug|Any CPU.ActiveCfg = Debug|Any CPU
		{73C70E50-5519-858A-974B-A3CCFEA95E07}.Debug|Any CPU.Build.0 = Debug|Any CPU
		{73C70E50-5519-858A-974B-A3CCFEA95E07}.Release|Any CPU.ActiveCfg = Release|Any CPU
		{73C70E50-5519-858A-974B-A3CCFEA95E07}.Release|Any CPU.Build.0 = Release|Any CPU
		{DFBDC411-F49D-F3AB-5915-E7222C419B6E}.Debug|Any CPU.ActiveCfg = Debug|Any CPU
		{DFBDC411-F49D-F3AB-5915-E7222C419B6E}.Debug|Any CPU.Build.0 = Debug|Any CPU
		{DFBDC411-F49D-F3AB-5915-E7222C419B6E}.Release|Any CPU.ActiveCfg = Release|Any CPU
		{DFBDC411-F49D-F3AB-5915-E7222C419B6E}.Release|Any CPU.Build.0 = Release|Any CPU
		{A210D773-0CC8-681B-35FD-E3FBAC16082F}.Debug|Any CPU.ActiveCfg = Debug|Any CPU
		{A210D773-0CC8-681B-35FD-E3FBAC16082F}.Debug|Any CPU.Build.0 = Debug|Any CPU
		{A210D773-0CC8-681B-35FD-E3FBAC16082F}.Release|Any CPU.ActiveCfg = Release|Any CPU
		{A210D773-0CC8-681B-35FD-E3FBAC16082F}.Release|Any CPU.Build.0 = Release|Any CPU
		{1D94BA07-1562-D645-4103-3663A7C76ECD}.Debug|Any CPU.ActiveCfg = Debug|Any CPU
		{1D94BA07-1562-D645-4103-3663A7C76ECD}.Debug|Any CPU.Build.0 = Debug|Any CPU
		{1D94BA07-1562-D645-4103-3663A7C76ECD}.Release|Any CPU.ActiveCfg = Release|Any CPU
		{1D94BA07-1562-D645-4103-3663A7C76ECD}.Release|Any CPU.Build.0 = Release|Any CPU
		{510795F6-FB96-2C96-FAE1-701D642A4BB2}.Debug|Any CPU.ActiveCfg = Debug|Any CPU
		{510795F6-FB96-2C96-FAE1-701D642A4BB2}.Debug|Any CPU.Build.0 = Debug|Any CPU
		{510795F6-FB96-2C96-FAE1-701D642A4BB2}.Release|Any CPU.ActiveCfg = Release|Any CPU
		{510795F6-FB96-2C96-FAE1-701D642A4BB2}.Release|Any CPU.Build.0 = Release|Any CPU
		{43689E10-AD8A-DE72-2CF7-16B69C864A1D}.Debug|Any CPU.ActiveCfg = Debug|Any CPU
		{43689E10-AD8A-DE72-2CF7-16B69C864A1D}.Debug|Any CPU.Build.0 = Debug|Any CPU
		{43689E10-AD8A-DE72-2CF7-16B69C864A1D}.Release|Any CPU.ActiveCfg = Release|Any CPU
		{43689E10-AD8A-DE72-2CF7-16B69C864A1D}.Release|Any CPU.Build.0 = Release|Any CPU
		{9E6F5B0A-24F2-DA2E-DC44-FEF7FC19BCED}.Debug|Any CPU.ActiveCfg = Debug|Any CPU
		{9E6F5B0A-24F2-DA2E-DC44-FEF7FC19BCED}.Debug|Any CPU.Build.0 = Debug|Any CPU
		{9E6F5B0A-24F2-DA2E-DC44-FEF7FC19BCED}.Release|Any CPU.ActiveCfg = Release|Any CPU
		{9E6F5B0A-24F2-DA2E-DC44-FEF7FC19BCED}.Release|Any CPU.Build.0 = Release|Any CPU
		{FDDEE8B0-3372-EC06-A39F-324AAE796970}.Debug|Any CPU.ActiveCfg = Debug|Any CPU
		{FDDEE8B0-3372-EC06-A39F-324AAE796970}.Debug|Any CPU.Build.0 = Debug|Any CPU
		{FDDEE8B0-3372-EC06-A39F-324AAE796970}.Release|Any CPU.ActiveCfg = Release|Any CPU
		{FDDEE8B0-3372-EC06-A39F-324AAE796970}.Release|Any CPU.Build.0 = Release|Any CPU
		{546B16A8-54B6-7D23-008B-9D8746718427}.Debug|Any CPU.ActiveCfg = Debug|Any CPU
		{546B16A8-54B6-7D23-008B-9D8746718427}.Debug|Any CPU.Build.0 = Debug|Any CPU
		{546B16A8-54B6-7D23-008B-9D8746718427}.Release|Any CPU.ActiveCfg = Release|Any CPU
		{546B16A8-54B6-7D23-008B-9D8746718427}.Release|Any CPU.Build.0 = Release|Any CPU
		{B6A3EDB6-16FE-DC3C-E406-BF2F12E7116F}.Debug|Any CPU.ActiveCfg = Debug|Any CPU
		{B6A3EDB6-16FE-DC3C-E406-BF2F12E7116F}.Debug|Any CPU.Build.0 = Debug|Any CPU
		{B6A3EDB6-16FE-DC3C-E406-BF2F12E7116F}.Release|Any CPU.ActiveCfg = Release|Any CPU
		{B6A3EDB6-16FE-DC3C-E406-BF2F12E7116F}.Release|Any CPU.Build.0 = Release|Any CPU
		{AC8C76C0-54B2-9649-7504-1BA89ABB82A7}.Debug|Any CPU.ActiveCfg = Debug|Any CPU
		{AC8C76C0-54B2-9649-7504-1BA89ABB82A7}.Debug|Any CPU.Build.0 = Debug|Any CPU
		{AC8C76C0-54B2-9649-7504-1BA89ABB82A7}.Release|Any CPU.ActiveCfg = Release|Any CPU
		{AC8C76C0-54B2-9649-7504-1BA89ABB82A7}.Release|Any CPU.Build.0 = Release|Any CPU
		{028B548F-C98C-0094-0677-275DEF8C028D}.Debug|Any CPU.ActiveCfg = Debug|Any CPU
		{028B548F-C98C-0094-0677-275DEF8C028D}.Debug|Any CPU.Build.0 = Debug|Any CPU
		{028B548F-C98C-0094-0677-275DEF8C028D}.Release|Any CPU.ActiveCfg = Release|Any CPU
		{028B548F-C98C-0094-0677-275DEF8C028D}.Release|Any CPU.Build.0 = Release|Any CPU
		{9809ABB2-91E7-608B-F7B7-5835AB04F053}.Debug|Any CPU.ActiveCfg = Debug|Any CPU
		{9809ABB2-91E7-608B-F7B7-5835AB04F053}.Debug|Any CPU.Build.0 = Debug|Any CPU
		{9809ABB2-91E7-608B-F7B7-5835AB04F053}.Release|Any CPU.ActiveCfg = Release|Any CPU
		{9809ABB2-91E7-608B-F7B7-5835AB04F053}.Release|Any CPU.Build.0 = Release|Any CPU
		{6CDB11CD-5A4D-A020-CD7C-FE8CCD134B6C}.Debug|Any CPU.ActiveCfg = Debug|Any CPU
		{6CDB11CD-5A4D-A020-CD7C-FE8CCD134B6C}.Debug|Any CPU.Build.0 = Debug|Any CPU
		{6CDB11CD-5A4D-A020-CD7C-FE8CCD134B6C}.Release|Any CPU.ActiveCfg = Release|Any CPU
		{6CDB11CD-5A4D-A020-CD7C-FE8CCD134B6C}.Release|Any CPU.Build.0 = Release|Any CPU
		{8EEDA27C-42D5-157E-D63D-119067D59320}.Debug|Any CPU.ActiveCfg = Debug|Any CPU
		{8EEDA27C-42D5-157E-D63D-119067D59320}.Debug|Any CPU.Build.0 = Debug|Any CPU
		{8EEDA27C-42D5-157E-D63D-119067D59320}.Release|Any CPU.ActiveCfg = Release|Any CPU
		{8EEDA27C-42D5-157E-D63D-119067D59320}.Release|Any CPU.Build.0 = Release|Any CPU
		{58CACFB5-0F96-22B1-1ED3-40F38221EB03}.Debug|Any CPU.ActiveCfg = Debug|Any CPU
		{58CACFB5-0F96-22B1-1ED3-40F38221EB03}.Debug|Any CPU.Build.0 = Debug|Any CPU
		{58CACFB5-0F96-22B1-1ED3-40F38221EB03}.Release|Any CPU.ActiveCfg = Release|Any CPU
		{58CACFB5-0F96-22B1-1ED3-40F38221EB03}.Release|Any CPU.Build.0 = Release|Any CPU
		{A07A4600-5314-0461-1018-9DE92C417AA5}.Debug|Any CPU.ActiveCfg = Debug|Any CPU
		{A07A4600-5314-0461-1018-9DE92C417AA5}.Debug|Any CPU.Build.0 = Debug|Any CPU
		{A07A4600-5314-0461-1018-9DE92C417AA5}.Release|Any CPU.ActiveCfg = Release|Any CPU
		{A07A4600-5314-0461-1018-9DE92C417AA5}.Release|Any CPU.Build.0 = Release|Any CPU
		{D8770364-3AA5-6EF9-AB1E-F93B9C252CBC}.Debug|Any CPU.ActiveCfg = Debug|Any CPU
		{D8770364-3AA5-6EF9-AB1E-F93B9C252CBC}.Debug|Any CPU.Build.0 = Debug|Any CPU
		{D8770364-3AA5-6EF9-AB1E-F93B9C252CBC}.Release|Any CPU.ActiveCfg = Release|Any CPU
		{D8770364-3AA5-6EF9-AB1E-F93B9C252CBC}.Release|Any CPU.Build.0 = Release|Any CPU
		{A65EDE4E-D5DC-5D4B-8134-28EFF83F8494}.Debug|Any CPU.ActiveCfg = Debug|Any CPU
		{A65EDE4E-D5DC-5D4B-8134-28EFF83F8494}.Debug|Any CPU.Build.0 = Debug|Any CPU
		{A65EDE4E-D5DC-5D4B-8134-28EFF83F8494}.Release|Any CPU.ActiveCfg = Release|Any CPU
		{A65EDE4E-D5DC-5D4B-8134-28EFF83F8494}.Release|Any CPU.Build.0 = Release|Any CPU
		{84A779E3-B4BB-CD4A-A0B4-C7472152041C}.Debug|Any CPU.ActiveCfg = Debug|Any CPU
		{84A779E3-B4BB-CD4A-A0B4-C7472152041C}.Debug|Any CPU.Build.0 = Debug|Any CPU
		{84A779E3-B4BB-CD4A-A0B4-C7472152041C}.Release|Any CPU.ActiveCfg = Release|Any CPU
		{84A779E3-B4BB-CD4A-A0B4-C7472152041C}.Release|Any CPU.Build.0 = Release|Any CPU
		{17659BA3-0AB5-FBB1-35D0-CE85F26FA4C1}.Debug|Any CPU.ActiveCfg = Debug|Any CPU
		{17659BA3-0AB5-FBB1-35D0-CE85F26FA4C1}.Debug|Any CPU.Build.0 = Debug|Any CPU
		{17659BA3-0AB5-FBB1-35D0-CE85F26FA4C1}.Release|Any CPU.ActiveCfg = Release|Any CPU
		{17659BA3-0AB5-FBB1-35D0-CE85F26FA4C1}.Release|Any CPU.Build.0 = Release|Any CPU
		{62DCA35C-29F1-0FC5-CB91-521CC4573AC2}.Debug|Any CPU.ActiveCfg = Debug|Any CPU
		{62DCA35C-29F1-0FC5-CB91-521CC4573AC2}.Debug|Any CPU.Build.0 = Debug|Any CPU
		{62DCA35C-29F1-0FC5-CB91-521CC4573AC2}.Release|Any CPU.ActiveCfg = Release|Any CPU
		{62DCA35C-29F1-0FC5-CB91-521CC4573AC2}.Release|Any CPU.Build.0 = Release|Any CPU
		{E79308F1-2178-F716-6A02-B32B656E22AB}.Debug|Any CPU.ActiveCfg = Debug|Any CPU
		{E79308F1-2178-F716-6A02-B32B656E22AB}.Debug|Any CPU.Build.0 = Debug|Any CPU
		{E79308F1-2178-F716-6A02-B32B656E22AB}.Release|Any CPU.ActiveCfg = Release|Any CPU
		{E79308F1-2178-F716-6A02-B32B656E22AB}.Release|Any CPU.Build.0 = Release|Any CPU
		{530B421E-ED83-511D-C925-A0E49849DC2D}.Debug|Any CPU.ActiveCfg = Debug|Any CPU
		{530B421E-ED83-511D-C925-A0E49849DC2D}.Debug|Any CPU.Build.0 = Debug|Any CPU
		{530B421E-ED83-511D-C925-A0E49849DC2D}.Release|Any CPU.ActiveCfg = Release|Any CPU
		{530B421E-ED83-511D-C925-A0E49849DC2D}.Release|Any CPU.Build.0 = Release|Any CPU
		{C14A99C6-10E8-18DE-75AE-4D6BBCCE6530}.Debug|Any CPU.ActiveCfg = Debug|Any CPU
		{C14A99C6-10E8-18DE-75AE-4D6BBCCE6530}.Debug|Any CPU.Build.0 = Debug|Any CPU
		{C14A99C6-10E8-18DE-75AE-4D6BBCCE6530}.Release|Any CPU.ActiveCfg = Release|Any CPU
		{C14A99C6-10E8-18DE-75AE-4D6BBCCE6530}.Release|Any CPU.Build.0 = Release|Any CPU
		{9908664F-E3AF-C2A6-5C5A-B8C0D06E2AC1}.Debug|Any CPU.ActiveCfg = Debug|Any CPU
		{9908664F-E3AF-C2A6-5C5A-B8C0D06E2AC1}.Debug|Any CPU.Build.0 = Debug|Any CPU
		{9908664F-E3AF-C2A6-5C5A-B8C0D06E2AC1}.Release|Any CPU.ActiveCfg = Release|Any CPU
		{9908664F-E3AF-C2A6-5C5A-B8C0D06E2AC1}.Release|Any CPU.Build.0 = Release|Any CPU
		{D601101D-F848-4682-F211-D8BBF09840B4}.Debug|Any CPU.ActiveCfg = Debug|Any CPU
		{D601101D-F848-4682-F211-D8BBF09840B4}.Debug|Any CPU.Build.0 = Debug|Any CPU
		{D601101D-F848-4682-F211-D8BBF09840B4}.Release|Any CPU.ActiveCfg = Release|Any CPU
		{D601101D-F848-4682-F211-D8BBF09840B4}.Release|Any CPU.Build.0 = Release|Any CPU
		{F5DCFB04-867B-13F8-684C-D6EF8A5720B0}.Debug|Any CPU.ActiveCfg = Debug|Any CPU
		{F5DCFB04-867B-13F8-684C-D6EF8A5720B0}.Debug|Any CPU.Build.0 = Debug|Any CPU
		{F5DCFB04-867B-13F8-684C-D6EF8A5720B0}.Release|Any CPU.ActiveCfg = Release|Any CPU
		{F5DCFB04-867B-13F8-684C-D6EF8A5720B0}.Release|Any CPU.Build.0 = Release|Any CPU
		{6D6EFA72-A380-E587-1B43-107EEE19DA1F}.Debug|Any CPU.ActiveCfg = Debug|Any CPU
		{6D6EFA72-A380-E587-1B43-107EEE19DA1F}.Debug|Any CPU.Build.0 = Debug|Any CPU
		{6D6EFA72-A380-E587-1B43-107EEE19DA1F}.Release|Any CPU.ActiveCfg = Release|Any CPU
		{6D6EFA72-A380-E587-1B43-107EEE19DA1F}.Release|Any CPU.Build.0 = Release|Any CPU
		{4FFAB863-3704-5022-9DB8-433C946C20F7}.Debug|Any CPU.ActiveCfg = Debug|Any CPU
		{4FFAB863-3704-5022-9DB8-433C946C20F7}.Debug|Any CPU.Build.0 = Debug|Any CPU
		{4FFAB863-3704-5022-9DB8-433C946C20F7}.Release|Any CPU.ActiveCfg = Release|Any CPU
		{4FFAB863-3704-5022-9DB8-433C946C20F7}.Release|Any CPU.Build.0 = Release|Any CPU
		{EB3A5106-3361-B0DE-F365-0F577A53BB8A}.Debug|Any CPU.ActiveCfg = Debug|Any CPU
		{EB3A5106-3361-B0DE-F365-0F577A53BB8A}.Debug|Any CPU.Build.0 = Debug|Any CPU
		{EB3A5106-3361-B0DE-F365-0F577A53BB8A}.Release|Any CPU.ActiveCfg = Release|Any CPU
		{EB3A5106-3361-B0DE-F365-0F577A53BB8A}.Release|Any CPU.Build.0 = Release|Any CPU
		{FFAD7D9D-9843-3EF0-6944-2ADF60233318}.Debug|Any CPU.ActiveCfg = Debug|Any CPU
		{FFAD7D9D-9843-3EF0-6944-2ADF60233318}.Debug|Any CPU.Build.0 = Debug|Any CPU
		{FFAD7D9D-9843-3EF0-6944-2ADF60233318}.Release|Any CPU.ActiveCfg = Release|Any CPU
		{FFAD7D9D-9843-3EF0-6944-2ADF60233318}.Release|Any CPU.Build.0 = Release|Any CPU
		{31A6A186-4537-97E6-1B78-82982EF090AA}.Debug|Any CPU.ActiveCfg = Debug|Any CPU
		{31A6A186-4537-97E6-1B78-82982EF090AA}.Debug|Any CPU.Build.0 = Debug|Any CPU
		{31A6A186-4537-97E6-1B78-82982EF090AA}.Release|Any CPU.ActiveCfg = Release|Any CPU
		{31A6A186-4537-97E6-1B78-82982EF090AA}.Release|Any CPU.Build.0 = Release|Any CPU
		{7C516EA1-DFDE-A98C-02E5-A04EC262E0E4}.Debug|Any CPU.ActiveCfg = Debug|Any CPU
		{7C516EA1-DFDE-A98C-02E5-A04EC262E0E4}.Debug|Any CPU.Build.0 = Debug|Any CPU
		{7C516EA1-DFDE-A98C-02E5-A04EC262E0E4}.Release|Any CPU.ActiveCfg = Release|Any CPU
		{7C516EA1-DFDE-A98C-02E5-A04EC262E0E4}.Release|Any CPU.Build.0 = Release|Any CPU
		{CC7EA60F-1019-E187-F3AA-673CD6D2E03F}.Debug|Any CPU.ActiveCfg = Debug|Any CPU
		{CC7EA60F-1019-E187-F3AA-673CD6D2E03F}.Debug|Any CPU.Build.0 = Debug|Any CPU
		{CC7EA60F-1019-E187-F3AA-673CD6D2E03F}.Release|Any CPU.ActiveCfg = Release|Any CPU
		{CC7EA60F-1019-E187-F3AA-673CD6D2E03F}.Release|Any CPU.Build.0 = Release|Any CPU
		{6C77C788-8DF0-554F-9A6C-BD3B49515572}.Debug|Any CPU.ActiveCfg = Debug|Any CPU
		{6C77C788-8DF0-554F-9A6C-BD3B49515572}.Debug|Any CPU.Build.0 = Debug|Any CPU
		{6C77C788-8DF0-554F-9A6C-BD3B49515572}.Release|Any CPU.ActiveCfg = Release|Any CPU
		{6C77C788-8DF0-554F-9A6C-BD3B49515572}.Release|Any CPU.Build.0 = Release|Any CPU
		{26A75046-02FB-6AFB-88B7-DADC1821315D}.Debug|Any CPU.ActiveCfg = Debug|Any CPU
		{26A75046-02FB-6AFB-88B7-DADC1821315D}.Debug|Any CPU.Build.0 = Debug|Any CPU
		{26A75046-02FB-6AFB-88B7-DADC1821315D}.Release|Any CPU.ActiveCfg = Release|Any CPU
		{26A75046-02FB-6AFB-88B7-DADC1821315D}.Release|Any CPU.Build.0 = Release|Any CPU
		{27335870-E7B3-27C2-1B38-F8519898BD1D}.Debug|Any CPU.ActiveCfg = Debug|Any CPU
		{27335870-E7B3-27C2-1B38-F8519898BD1D}.Debug|Any CPU.Build.0 = Debug|Any CPU
		{27335870-E7B3-27C2-1B38-F8519898BD1D}.Release|Any CPU.ActiveCfg = Release|Any CPU
		{27335870-E7B3-27C2-1B38-F8519898BD1D}.Release|Any CPU.Build.0 = Release|Any CPU
	EndGlobalSection
	GlobalSection(SolutionProperties) = preSolution
		HideSolutionNode = FALSE
	EndGlobalSection
EndGlobal
